PODS:
  - agora_rtc_engine (0.0.1):
    - AgoraIrisRTC_macOS (= 4.2.2-build.1)
    - AgoraRtcEngine_macOS (= 4.2.2)
    - FlutterMacOS
  - AgoraIrisRTC_macOS (4.2.2-build.1)
  - AgoraRtcEngine_macOS (4.2.2):
    - AgoraRtcEngine_macOS/AIAEC (= 4.2.2)
    - AgoraRtcEngine_macOS/AINS (= 4.2.2)
    - AgoraRtcEngine_macOS/AudioBeauty (= 4.2.2)
    - AgoraRtcEngine_macOS/ClearVision (= 4.2.2)
    - AgoraRtcEngine_macOS/ContentInspect (= 4.2.2)
    - AgoraRtcEngine_macOS/DRM (= 4.2.2)
    - AgoraRtcEngine_macOS/FaceDetection (= 4.2.2)
    - AgoraRtcEngine_macOS/RtcBasic (= 4.2.2)
    - AgoraRtcEngine_macOS/ScreenCapture (= 4.2.2)
    - AgoraRtcEngine_macOS/SpatialAudio (= 4.2.2)
    - AgoraRtcEngine_macOS/VideoCodecDec (= 4.2.2)
    - AgoraRtcEngine_macOS/VideoCodecEnc (= 4.2.2)
    - AgoraRtcEngine_macOS/VirtualBackground (= 4.2.2)
    - AgoraRtcEngine_macOS/VQA (= 4.2.2)
  - AgoraRtcEngine_macOS/AIAEC (4.2.2)
  - AgoraRtcEngine_macOS/AINS (4.2.2)
  - AgoraRtcEngine_macOS/AudioBeauty (4.2.2)
  - AgoraRtcEngine_macOS/ClearVision (4.2.2)
  - AgoraRtcEngine_macOS/ContentInspect (4.2.2)
  - AgoraRtcEngine_macOS/DRM (4.2.2)
  - AgoraRtcEngine_macOS/FaceDetection (4.2.2)
  - AgoraRtcEngine_macOS/RtcBasic (4.2.2)
  - AgoraRtcEngine_macOS/ScreenCapture (4.2.2)
  - AgoraRtcEngine_macOS/SpatialAudio (4.2.2)
  - AgoraRtcEngine_macOS/VideoCodecDec (4.2.2)
  - AgoraRtcEngine_macOS/VideoCodecEnc (4.2.2)
  - AgoraRtcEngine_macOS/VirtualBackground (4.2.2)
  - AgoraRtcEngine_macOS/VQA (4.2.2)
  - file_selector_macos (0.0.1):
    - FlutterMacOS
  - flutter_local_notifications (0.0.1):
    - FlutterMacOS
  - FlutterMacOS (1.0.0)
  - iris_method_channel (0.0.1):
    - FlutterMacOS
  - path_provider_foundation (0.0.1):
    - Flutter
    - FlutterMacOS
  - shared_preferences_foundation (0.0.1):
    - Flutter
    - FlutterMacOS
  - url_launcher_macos (0.0.1):
    - FlutterMacOS

DEPENDENCIES:
  - agora_rtc_engine (from `Flutter/ephemeral/.symlinks/plugins/agora_rtc_engine/macos`)
  - file_selector_macos (from `Flutter/ephemeral/.symlinks/plugins/file_selector_macos/macos`)
  - flutter_local_notifications (from `Flutter/ephemeral/.symlinks/plugins/flutter_local_notifications/macos`)
  - FlutterMacOS (from `Flutter/ephemeral`)
  - iris_method_channel (from `Flutter/ephemeral/.symlinks/plugins/iris_method_channel/macos`)
  - path_provider_foundation (from `Flutter/ephemeral/.symlinks/plugins/path_provider_foundation/darwin`)
  - shared_preferences_foundation (from `Flutter/ephemeral/.symlinks/plugins/shared_preferences_foundation/darwin`)
  - url_launcher_macos (from `Flutter/ephemeral/.symlinks/plugins/url_launcher_macos/macos`)

SPEC REPOS:
  trunk:
    - AgoraIrisRTC_macOS
    - AgoraRtcEngine_macOS

EXTERNAL SOURCES:
  agora_rtc_engine:
    :path: Flutter/ephemeral/.symlinks/plugins/agora_rtc_engine/macos
  file_selector_macos:
    :path: Flutter/ephemeral/.symlinks/plugins/file_selector_macos/macos
  flutter_local_notifications:
    :path: Flutter/ephemeral/.symlinks/plugins/flutter_local_notifications/macos
  FlutterMacOS:
    :path: Flutter/ephemeral
  iris_method_channel:
    :path: Flutter/ephemeral/.symlinks/plugins/iris_method_channel/macos
  path_provider_foundation:
    :path: Flutter/ephemeral/.symlinks/plugins/path_provider_foundation/darwin
  shared_preferences_foundation:
    :path: Flutter/ephemeral/.symlinks/plugins/shared_preferences_foundation/darwin
  url_launcher_macos:
    :path: Flutter/ephemeral/.symlinks/plugins/url_launcher_macos/macos

SPEC CHECKSUMS:
  agora_rtc_engine: 66c57685283ebadc4b70d49b234fd0443f837589
  AgoraIrisRTC_macOS: c4cb1fea791a76ce172801c8b006aa69eb036b07
  AgoraRtcEngine_macOS: 5e4d1430490bf36597e47cdbe6e5284b24e66504
  file_selector_macos: 468fb6b81fac7c0e88d71317f3eec34c3b008ff9
  flutter_local_notifications: 3805ca215b2fb7f397d78b66db91f6a747af52e4
  FlutterMacOS: 8f6f14fa908a6fb3fba0cd85dbd81ec4b251fb24
  iris_method_channel: fba932d668df5b2a085f19bcd0b1f23d667a83cd
  path_provider_foundation: 29f094ae23ebbca9d3d0cec13889cd9060c0e943
  shared_preferences_foundation: 986fc17f3d3251412d18b0265f9c64113a8c2472
  url_launcher_macos: 5335912b679c073563f29d89d33d10d459f95451

PODFILE CHECKSUM: 353c8bcc5d5b0994e508d035b5431cfe18c1dea7

COCOAPODS: 1.12.0
